<?xml version="1.0" encoding="utf-8"?>
<Project ToolsVersion="4.0" xmlns="http://schemas.microsoft.com/developer/msbuild/2003">
  <ItemGroup>
    <Filter Include="Source Files">
      <UniqueIdentifier>{4FC737F1-C7A5-4376-A066-2A32D752A2FF}</UniqueIdentifier>
      <Extensions>cpp;c;cc;cxx;def;odl;idl;hpj;bat;asm;asmx</Extensions>
    </Filter>
    <Filter Include="Header Files">
      <UniqueIdentifier>{93995380-89BD-4b04-88EB-625FBE52EBFB}</UniqueIdentifier>
      <Extensions>h;hpp;hxx;hm;inl;inc;xsd</Extensions>
    </Filter>
    <Filter Include="Resource Files">
      <UniqueIdentifier>{67DA6AB6-F800-4c08-8B7A-83BB121AAD01}</UniqueIdentifier>
      <Extensions>rc;ico;cur;bmp;dlg;rc2;rct;bin;rgs;gif;jpg;jpeg;jpe;resx;tiff;tif;png;wav;mfcribbon-ms</Extensions>
    </Filter>
  </ItemGroup>
  <ItemGroup>
    <ClInclude Include="include\body.h">
      <Filter>Header Files</Filter>
    </ClInclude>
    <ClInclude Include="include\collide_coarse.h">
      <Filter>Header Files</Filter>
    </ClInclude>
    <ClInclude Include="include\collide_fine.h">
      <Filter>Header Files</Filter>
    </ClInclude>
    <ClInclude Include="include\contacts.h">
      <Filter>Header Files</Filter>
    </ClInclude>
    <ClInclude Include="include\core.h">
      <Filter>Header Files</Filter>
    </ClInclude>
    <ClInclude Include="include\cyclone.h">
      <Filter>Header Files</Filter>
    </ClInclude>
    <ClInclude Include="include\fgen.h">
      <Filter>Header Files</Filter>
    </ClInclude>
    <ClInclude Include="include\joints.h">
      <Filter>Header Files</Filter>
    </ClInclude>
    <ClInclude Include="include\particle.h">
      <Filter>Header Files</Filter>
    </ClInclude>
    <ClInclude Include="include\pcontacts.h">
      <Filter>Header Files</Filter>
    </ClInclude>
    <ClInclude Include="include\pfgen.h">
      <Filter>Header Files</Filter>
    </ClInclude>
    <ClInclude Include="include\plinks.h">
      <Filter>Header Files</Filter>
    </ClInclude>
    <ClInclude Include="include\precision.h">
      <Filter>Header Files</Filter>
    </ClInclude>
    <ClInclude Include="include\pworld.h">
      <Filter>Header Files</Filter>
    </ClInclude>
    <ClInclude Include="include\random.h">
      <Filter>Header Files</Filter>
    </ClInclude>
    <ClInclude Include="include\world.h">
      <Filter>Header Files</Filter>
    </ClInclude>
  </ItemGroup>
  <ItemGroup>
    <ClCompile Include="source\body.cpp">
      <Filter>Source Files</Filter>
    </ClCompile>
    <ClCompile Include="source\collide_coarse.cpp">
      <Filter>Source Files</Filter>
    </ClCompile>
    <ClCompile Include="source\collide_fine.cpp">
      <Filter>Source Files</Filter>
    </ClCompile>
    <ClCompile Include="source\contacts.cpp">
      <Filter>Source Files</Filter>
    </ClCompile>
    <ClCompile Include="source\core.cpp">
      <Filter>Source Files</Filter>
    </ClCompile>
    <ClCompile Include="source\fgen.cpp">
      <Filter>Source Files</Filter>
    </ClCompile>
    <ClCompile Include="source\joints.cpp">
      <Filter>Source Files</Filter>
    </ClCompile>
    <ClCompile Include="source\particle.cpp">
      <Filter>Source Files</Filter>
    </ClCompile>
    <ClCompile Include="source\pcontacts.cpp">
      <Filter>Source Files</Filter>
    </ClCompile>
    <ClCompile Include="source\pfgen.cpp">
      <Filter>Source Files</Filter>
    </ClCompile>
    <ClCompile Include="source\plinks.cpp">
      <Filter>Source Files</Filter>
    </ClCompile>
    <ClCompile Include="source\pworld.cpp">
      <Filter>Source Files</Filter>
    </ClCompile>
    <ClCompile Include="source\random.cpp">
      <Filter>Source Files</Filter>
    </ClCompile>
    <ClCompile Include="source\world.cpp">
      <Filter>Source Files</Filter>
    </ClCompile>
  </ItemGroup>
</Project>