<?xml version="1.0" encoding="utf-8"?>
<Project ToolsVersion="4.0" xmlns="http://schemas.microsoft.com/developer/msbuild/2003">
  <ItemGroup>
    <Filter Include="Source Files">
      <UniqueIdentifier>{dd975e36-f843-4ae9-b160-fb424905fa97}</UniqueIdentifier>
    </Filter>
    <Filter Include="Header Files">
      <UniqueIdentifier>{3233eebc-96b3-4f5e-a2fd-38483a4d26d9}</UniqueIdentifier>
    </Filter>
  </ItemGroup>
  <ItemGroup>
    <ClInclude Include="Include\AIControl.h">
      <Filter>Header Files</Filter>
    </ClInclude>
    <ClInclude Include="Include\Ast.h">
      <Filter>Header Files</Filter>
    </ClInclude>
    <ClInclude Include="Include\Bullet.h">
      <Filter>Header Files</Filter>
    </ClInclude>
    <ClInclude Include="Include\Control.h">
      <Filter>Header Files</Filter>
    </ClInclude>
    <ClInclude Include="Include\Exp.h">
      <Filter>Header Files</Filter>
    </ClInclude>
    <ClInclude Include="Include\FSM.h">
      <Filter>Header Files</Filter>
    </ClInclude>
    <ClInclude Include="Include\FSMAIControl.h">
      <Filter>Header Files</Filter>
    </ClInclude>
    <ClInclude Include="Include\FSMMachine.h">
      <Filter>Header Files</Filter>
    </ClInclude>
    <ClInclude Include="Include\FSMState.h">
      <Filter>Header Files</Filter>
    </ClInclude>
    <ClInclude Include="Include\GameObj.h">
      <Filter>Header Files</Filter>
    </ClInclude>
    <ClInclude Include="Include\GameSession.h">
      <Filter>Header Files</Filter>
    </ClInclude>
    <ClInclude Include="Include\HumanControl.h">
      <Filter>Header Files</Filter>
    </ClInclude>
    <ClInclude Include="Include\Point3.h">
      <Filter>Header Files</Filter>
    </ClInclude>
    <ClInclude Include="Include\Powerup.h">
      <Filter>Header Files</Filter>
    </ClInclude>
    <ClInclude Include="Include\Ship.h">
      <Filter>Header Files</Filter>
    </ClInclude>
    <ClInclude Include="Include\Sphere3.h">
      <Filter>Header Files</Filter>
    </ClInclude>
    <ClInclude Include="Include\StateApproach.h">
      <Filter>Header Files</Filter>
    </ClInclude>
    <ClInclude Include="Include\StateAttack.h">
      <Filter>Header Files</Filter>
    </ClInclude>
    <ClInclude Include="Include\StateEvade.h">
      <Filter>Header Files</Filter>
    </ClInclude>
    <ClInclude Include="Include\StateGetPowerup.h">
      <Filter>Header Files</Filter>
    </ClInclude>
    <ClInclude Include="Include\StateIdle.h">
      <Filter>Header Files</Filter>
    </ClInclude>
    <ClInclude Include="Include\Target.h">
      <Filter>Header Files</Filter>
    </ClInclude>
    <ClInclude Include="Include\utility.h">
      <Filter>Header Files</Filter>
    </ClInclude>
  </ItemGroup>
  <ItemGroup>
    <ClCompile Include="Source\AIControl.cpp">
      <Filter>Source Files</Filter>
    </ClCompile>
    <ClCompile Include="Source\Ast.cpp">
      <Filter>Source Files</Filter>
    </ClCompile>
    <ClCompile Include="Source\asteroids.cpp">
      <Filter>Source Files</Filter>
    </ClCompile>
    <ClCompile Include="Source\Bullet.cpp">
      <Filter>Source Files</Filter>
    </ClCompile>
    <ClCompile Include="Source\Exp.cpp">
      <Filter>Source Files</Filter>
    </ClCompile>
    <ClCompile Include="Source\FSMAIControl.cpp">
      <Filter>Source Files</Filter>
    </ClCompile>
    <ClCompile Include="Source\FSMMachine.cpp">
      <Filter>Source Files</Filter>
    </ClCompile>
    <ClCompile Include="Source\GameObj.cpp">
      <Filter>Source Files</Filter>
    </ClCompile>
    <ClCompile Include="Source\GameSession.cpp">
      <Filter>Source Files</Filter>
    </ClCompile>
    <ClCompile Include="Source\HumanControl.cpp">
      <Filter>Source Files</Filter>
    </ClCompile>
    <ClCompile Include="Source\Powerup.cpp">
      <Filter>Source Files</Filter>
    </ClCompile>
    <ClCompile Include="Source\Ship.cpp">
      <Filter>Source Files</Filter>
    </ClCompile>
    <ClCompile Include="Source\StateApproach.cpp">
      <Filter>Source Files</Filter>
    </ClCompile>
    <ClCompile Include="Source\StateAttack.cpp">
      <Filter>Source Files</Filter>
    </ClCompile>
    <ClCompile Include="Source\StateEvade.cpp">
      <Filter>Source Files</Filter>
    </ClCompile>
    <ClCompile Include="Source\StateGetPowerup.cpp">
      <Filter>Source Files</Filter>
    </ClCompile>
    <ClCompile Include="Source\StateIdle.cpp">
      <Filter>Source Files</Filter>
    </ClCompile>
    <ClCompile Include="Source\Target.cpp">
      <Filter>Source Files</Filter>
    </ClCompile>
    <ClCompile Include="Source\utility.cpp">
      <Filter>Source Files</Filter>
    </ClCompile>
  </ItemGroup>
</Project>